modules:
  clock:
    update: 200
    x0: 0
    x1: 3
    y0: 0
    y1: 1
  weather:
    update: 20000
    x0: 3
    x1: 4
    y0: 0
    y1: 1
  systeminfo:
    update: 200
    x0: 0
    x1: 2
    y0: 1
    y1: 2
  lolstatus:
    update: 60000
    x0: 2
    x1: 4
    y0: 1
    y1: 2

config:
  systeminfo: http://raspiclock.com/sysinfo/
